
Microsoft Visual Studio Solution File, Format Version 12.00
# Visual Studio Version 17
VisualStudioVersion = 17.7.34018.315
MinimumVisualStudioVersion = 10.0.40219.1
Project("{9A19103F-16F7-4668-BE54-9A1E7A4F7556}") = "TEJADAITELEC1", "Test\TEJADAITELEC1.csproj", "{BF63C088-2530-40E4-900D-B320BC8889B2}"
EndProject
Global
	GlobalSection(SolutionConfigurationPlatforms) = preSolution
		Debug|Any CPU = Debug|Any CPU
		Release|Any CPU = Release|Any CPU
	EndGlobalSection
	GlobalSection(ProjectConfigurationPlatforms) = postSolution
		{BF63C088-2530-40E4-900D-B320BC8889B2}.Debug|Any CPU.ActiveCfg = Debug|Any CPU
		{BF63C088-2530-40E4-900D-B320BC8889B2}.Debug|Any CPU.Build.0 = Debug|Any CPU
		{BF63C088-2530-40E4-900D-B320BC8889B2}.Release|Any CPU.ActiveCfg = Release|Any CPU
		{BF63C088-2530-40E4-900D-B320BC8889B2}.Release|Any CPU.Build.0 = Release|Any CPU
	EndGlobalSection
	GlobalSection(SolutionProperties) = preSolution
		HideSolutionNode = FALSE
	EndGlobalSection
	GlobalSection(ExtensibilityGlobals) = postSolution
		SolutionGuid = {319984CA-5C73-418F-8774-F2D69EF77C0E}
	EndGlobalSection
EndGlobal
